
Microsoft Visual Studio Solution File, Format Version 12.00
# Visual Studio Version 17
VisualStudioVersion = 17.4.33103.184
MinimumVisualStudioVersion = 10.0.40219.1
Project("{FAE04EC0-301F-11D3-BF4B-00C04F79EFBC}") = "AddressBookApp", "AddressBookApp\AddressBookApp.csproj", "{4C91AAA9-43AF-49F1-AE76-70544DAE09FD}"
EndProject
Global
	GlobalSection(SolutionConfigurationPlatforms) = preSolution
		Debug|Any CPU = Debug|Any CPU
		Release|Any CPU = Release|Any CPU
	EndGlobalSection
	GlobalSection(ProjectConfigurationPlatforms) = postSolution
		{4C91AAA9-43AF-49F1-AE76-70544DAE09FD}.Debug|Any CPU.ActiveCfg = Debug|Any CPU
		{4C91AAA9-43AF-49F1-AE76-70544DAE09FD}.Debug|Any CPU.Build.0 = Debug|Any CPU
		{4C91AAA9-43AF-49F1-AE76-70544DAE09FD}.Release|Any CPU.ActiveCfg = Release|Any CPU
		{4C91AAA9-43AF-49F1-AE76-70544DAE09FD}.Release|Any CPU.Build.0 = Release|Any CPU
	EndGlobalSection
	GlobalSection(SolutionProperties) = preSolution
		HideSolutionNode = FALSE
	EndGlobalSection
	GlobalSection(ExtensibilityGlobals) = postSolution
		SolutionGuid = {58CE9FAB-4E24-46E0-A18F-A67E8AF7B6A8}
	EndGlobalSection
EndGlobal
